
Microsoft Visual Studio Solution File, Format Version 12.00
# Visual Studio Version 17
VisualStudioVersion = 17.8.34309.116
MinimumVisualStudioVersion = 10.0.40219.1
Project("{8BC9CEB8-8B4A-11D0-8D11-00A0C91BC942}") = "formatowanie", "formatowanie.vcxproj", "{C88B0455-6D7E-4987-A4DB-9F5BD55660E7}"
EndProject
Global
	GlobalSection(SolutionConfigurationPlatforms) = preSolution
		Debug|x64 = Debug|x64
		Debug|x86 = Debug|x86
		Release|x64 = Release|x64
		Release|x86 = Release|x86
	EndGlobalSection
	GlobalSection(ProjectConfigurationPlatforms) = postSolution
		{C88B0455-6D7E-4987-A4DB-9F5BD55660E7}.Debug|x64.ActiveCfg = Debug|x64
		{C88B0455-6D7E-4987-A4DB-9F5BD55660E7}.Debug|x64.Build.0 = Debug|x64
		{C88B0455-6D7E-4987-A4DB-9F5BD55660E7}.Debug|x86.ActiveCfg = Debug|Win32
		{C88B0455-6D7E-4987-A4DB-9F5BD55660E7}.Debug|x86.Build.0 = Debug|Win32
		{C88B0455-6D7E-4987-A4DB-9F5BD55660E7}.Release|x64.ActiveCfg = Release|x64
		{C88B0455-6D7E-4987-A4DB-9F5BD55660E7}.Release|x64.Build.0 = Release|x64
		{C88B0455-6D7E-4987-A4DB-9F5BD55660E7}.Release|x86.ActiveCfg = Release|Win32
		{C88B0455-6D7E-4987-A4DB-9F5BD55660E7}.Release|x86.Build.0 = Release|Win32
	EndGlobalSection
	GlobalSection(SolutionProperties) = preSolution
		HideSolutionNode = FALSE
	EndGlobalSection
	GlobalSection(ExtensibilityGlobals) = postSolution
		SolutionGuid = {CEB290EC-1817-4889-9477-59A7D953A677}
	EndGlobalSection
EndGlobal
